
Microsoft Visual Studio Solution File, Format Version 12.00
# Visual Studio Version 17
VisualStudioVersion = 17.5.002.0
MinimumVisualStudioVersion = 10.0.40219.1
Project("{9A19103F-16F7-4668-BE54-9A1E7A4F7556}") = "myApp", "myApp.csproj", "{F9D30BB7-6493-4896-9A9F-55AC928A54B7}"
EndProject
Global
	GlobalSection(SolutionConfigurationPlatforms) = preSolution
		Debug|Any CPU = Debug|Any CPU
		Release|Any CPU = Release|Any CPU
	EndGlobalSection
	GlobalSection(ProjectConfigurationPlatforms) = postSolution
		{F9D30BB7-6493-4896-9A9F-55AC928A54B7}.Debug|Any CPU.ActiveCfg = Debug|Any CPU
		{F9D30BB7-6493-4896-9A9F-55AC928A54B7}.Debug|Any CPU.Build.0 = Debug|Any CPU
		{F9D30BB7-6493-4896-9A9F-55AC928A54B7}.Release|Any CPU.ActiveCfg = Release|Any CPU
		{F9D30BB7-6493-4896-9A9F-55AC928A54B7}.Release|Any CPU.Build.0 = Release|Any CPU
	EndGlobalSection
	GlobalSection(SolutionProperties) = preSolution
		HideSolutionNode = FALSE
	EndGlobalSection
	GlobalSection(ExtensibilityGlobals) = postSolution
		SolutionGuid = {ED743754-60B8-46F4-83A3-4E8067C56E78}
	EndGlobalSection
EndGlobal
